// !$*UTF8*$!
{
	archiveVersion = 1;
	classes = {
	};
	objectVersion = 51;
	objects = {

/* Begin PBXBuildFile section */
		060734F37D3755C62339CF24 /* Pods_WoogieTalk.framework in Frameworks */ = {isa = PBXBuildFile; fileRef = BEE64F6A0AC24667944B4AA1 /* Pods_WoogieTalk.framework */; };
		6413F48524F2726F00EFF8DA /* AppDelegate.swift in Sources */ = {isa = PBXBuildFile; fileRef = 6413F48424F2726F00EFF8DA /* AppDelegate.swift */; };
		6413F48724F2726F00EFF8DA /* SceneDelegate.swift in Sources */ = {isa = PBXBuildFile; fileRef = 6413F48624F2726F00EFF8DA /* SceneDelegate.swift */; };
		6413F48924F2726F00EFF8DA /* ViewController.swift in Sources */ = {isa = PBXBuildFile; fileRef = 6413F48824F2726F00EFF8DA /* ViewController.swift */; };
		6413F48C24F2726F00EFF8DA /* Main.storyboard in Resources */ = {isa = PBXBuildFile; fileRef = 6413F48A24F2726F00EFF8DA /* Main.storyboard */; };
		6413F48E24F2727200EFF8DA /* Assets.xcassets in Resources */ = {isa = PBXBuildFile; fileRef = 6413F48D24F2727200EFF8DA /* Assets.xcassets */; };
		6413F49124F2727200EFF8DA /* LaunchScreen.storyboard in Resources */ = {isa = PBXBuildFile; fileRef = 6413F48F24F2727200EFF8DA /* LaunchScreen.storyboard */; };
		6413F49B24F27AA800EFF8DA /* RemoteConfigDefaults.plist in Resources */ = {isa = PBXBuildFile; fileRef = 6413F49A24F27AA800EFF8DA /* RemoteConfigDefaults.plist */; };
		6413F49D24F27D9D00EFF8DA /* GoogleService-Info.plist in Resources */ = {isa = PBXBuildFile; fileRef = 6413F49C24F27D9D00EFF8DA /* GoogleService-Info.plist */; };
		6475D54624F3E2F600DC1C65 /* PeopleViewController.swift in Sources */ = {isa = PBXBuildFile; fileRef = 6475D54524F3E2F600DC1C65 /* PeopleViewController.swift */; };
		6475D54824F3E31300DC1C65 /* UserModel.swift in Sources */ = {isa = PBXBuildFile; fileRef = 6475D54724F3E31300DC1C65 /* UserModel.swift */; };
		64E32A6224F28EB600E3BEA9 /* LoginViewController.swift in Sources */ = {isa = PBXBuildFile; fileRef = 64E32A6124F28EB600E3BEA9 /* LoginViewController.swift */; };
		64E32A6624F38EE700E3BEA9 /* SignUpViewController.swift in Sources */ = {isa = PBXBuildFile; fileRef = 64E32A6524F38EE700E3BEA9 /* SignUpViewController.swift */; };
/* End PBXBuildFile section */

/* Begin PBXFileReference section */
		6413F48124F2726F00EFF8DA /* WoogieTalk.app */ = {isa = PBXFileReference; explicitFileType = wrapper.application; includeInIndex = 0; path = WoogieTalk.app; sourceTree = BUILT_PRODUCTS_DIR; };
		6413F48424F2726F00EFF8DA /* AppDelegate.swift */ = {isa = PBXFileReference; lastKnownFileType = sourcecode.swift; path = AppDelegate.swift; sourceTree = "<group>"; };
		6413F48624F2726F00EFF8DA /* SceneDelegate.swift */ = {isa = PBXFileReference; lastKnownFileType = sourcecode.swift; path = SceneDelegate.swift; sourceTree = "<group>"; };
		6413F48824F2726F00EFF8DA /* ViewController.swift */ = {isa = PBXFileReference; lastKnownFileType = sourcecode.swift; path = ViewController.swift; sourceTree = "<group>"; };
		6413F48B24F2726F00EFF8DA /* Base */ = {isa = PBXFileReference; lastKnownFileType = file.storyboard; name = Base; path = Base.lproj/Main.storyboard; sourceTree = "<group>"; };
		6413F48D24F2727200EFF8DA /* Assets.xcassets */ = {isa = PBXFileReference; lastKnownFileType = folder.assetcatalog; path = Assets.xcassets; sourceTree = "<group>"; };
		6413F49024F2727200EFF8DA /* Base */ = {isa = PBXFileReference; lastKnownFileType = file.storyboard; name = Base; path = Base.lproj/LaunchScreen.storyboard; sourceTree = "<group>"; };
		6413F49224F2727200EFF8DA /* Info.plist */ = {isa = PBXFileReference; lastKnownFileType = text.plist.xml; path = Info.plist; sourceTree = "<group>"; };
		6413F49A24F27AA800EFF8DA /* RemoteConfigDefaults.plist */ = {isa = PBXFileReference; lastKnownFileType = text.plist.xml; path = RemoteConfigDefaults.plist; sourceTree = "<group>"; };
		6413F49C24F27D9D00EFF8DA /* GoogleService-Info.plist */ = {isa = PBXFileReference; fileEncoding = 4; lastKnownFileType = text.plist.xml; path = "GoogleService-Info.plist"; sourceTree = "<group>"; };
		6475D54524F3E2F600DC1C65 /* PeopleViewController.swift */ = {isa = PBXFileReference; lastKnownFileType = sourcecode.swift; path = PeopleViewController.swift; sourceTree = "<group>"; };
		6475D54724F3E31300DC1C65 /* UserModel.swift */ = {isa = PBXFileReference; lastKnownFileType = sourcecode.swift; path = UserModel.swift; sourceTree = "<group>"; };
		64E32A6124F28EB600E3BEA9 /* LoginViewController.swift */ = {isa = PBXFileReference; lastKnownFileType = sourcecode.swift; path = LoginViewController.swift; sourceTree = "<group>"; };
		64E32A6524F38EE700E3BEA9 /* SignUpViewController.swift */ = {isa = PBXFileReference; lastKnownFileType = sourcecode.swift; path = SignUpViewController.swift; sourceTree = "<group>"; };
		8B1A08AC2FA07379F1743D8C /* Pods-WoogieTalk.release.xcconfig */ = {isa = PBXFileReference; includeInIndex = 1; lastKnownFileType = text.xcconfig; name = "Pods-WoogieTalk.release.xcconfig"; path = "Target Support Files/Pods-WoogieTalk/Pods-WoogieTalk.release.xcconfig"; sourceTree = "<group>"; };
		BEE64F6A0AC24667944B4AA1 /* Pods_WoogieTalk.framework */ = {isa = PBXFileReference; explicitFileType = wrapper.framework; includeInIndex = 0; path = Pods_WoogieTalk.framework; sourceTree = BUILT_PRODUCTS_DIR; };
		FBE722AF96D8986FEDFD67BA /* Pods-WoogieTalk.debug.xcconfig */ = {isa = PBXFileReference; includeInIndex = 1; lastKnownFileType = text.xcconfig; name = "Pods-WoogieTalk.debug.xcconfig"; path = "Target Support Files/Pods-WoogieTalk/Pods-WoogieTalk.debug.xcconfig"; sourceTree = "<group>"; };
/* End PBXFileReference section */

/* Begin PBXFrameworksBuildPhase section */
		6413F47E24F2726F00EFF8DA /* Frameworks */ = {
			isa = PBXFrameworksBuildPhase;
			buildActionMask = 2147483647;
			files = (
				060734F37D3755C62339CF24 /* Pods_WoogieTalk.framework in Frameworks */,
			);
			runOnlyForDeploymentPostprocessing = 0;
		};
/* End PBXFrameworksBuildPhase section */

/* Begin PBXGroup section */
		453EB77E6CCF609754742F16 /* Frameworks */ = {
			isa = PBXGroup;
			children = (
				BEE64F6A0AC24667944B4AA1 /* Pods_WoogieTalk.framework */,
			);
			name = Frameworks;
			sourceTree = "<group>";
		};
		6413F47824F2726F00EFF8DA = {
			isa = PBXGroup;
			children = (
				6413F48324F2726F00EFF8DA /* WoogieTalk */,
				6413F48224F2726F00EFF8DA /* Products */,
				ED165C14AD5E2EE40AEB405E /* Pods */,
				453EB77E6CCF609754742F16 /* Frameworks */,
			);
			sourceTree = "<group>";
		};
		6413F48224F2726F00EFF8DA /* Products */ = {
			isa = PBXGroup;
			children = (
				6413F48124F2726F00EFF8DA /* WoogieTalk.app */,
			);
			name = Products;
			sourceTree = "<group>";
		};
		6413F48324F2726F00EFF8DA /* WoogieTalk */ = {
			isa = PBXGroup;
			children = (
				6413F48424F2726F00EFF8DA /* AppDelegate.swift */,
				6413F48624F2726F00EFF8DA /* SceneDelegate.swift */,
				6413F48824F2726F00EFF8DA /* ViewController.swift */,
				64E32A6124F28EB600E3BEA9 /* LoginViewController.swift */,
				64E32A6524F38EE700E3BEA9 /* SignUpViewController.swift */,
				6475D54524F3E2F600DC1C65 /* PeopleViewController.swift */,
				6475D54724F3E31300DC1C65 /* UserModel.swift */,
				6413F48A24F2726F00EFF8DA /* Main.storyboard */,
				6413F48D24F2727200EFF8DA /* Assets.xcassets */,
				6413F48F24F2727200EFF8DA /* LaunchScreen.storyboard */,
				6413F49224F2727200EFF8DA /* Info.plist */,
				6413F49C24F27D9D00EFF8DA /* GoogleService-Info.plist */,
				6413F49A24F27AA800EFF8DA /* RemoteConfigDefaults.plist */,
			);
			path = WoogieTalk;
			sourceTree = "<group>";
		};
		ED165C14AD5E2EE40AEB405E /* Pods */ = {
			isa = PBXGroup;
			children = (
				FBE722AF96D8986FEDFD67BA /* Pods-WoogieTalk.debug.xcconfig */,
				8B1A08AC2FA07379F1743D8C /* Pods-WoogieTalk.release.xcconfig */,
			);
			path = Pods;
			sourceTree = "<group>";
		};
/* End PBXGroup section */

/* Begin PBXNativeTarget section */
		6413F48024F2726F00EFF8DA /* WoogieTalk */ = {
			isa = PBXNativeTarget;
			buildConfigurationList = 6413F49524F2727200EFF8DA /* Build configuration list for PBXNativeTarget "WoogieTalk" */;
			buildPhases = (
				532C9B40FD5835731247E5B6 /* [CP] Check Pods Manifest.lock */,
				6413F47D24F2726F00EFF8DA /* Sources */,
				6413F47E24F2726F00EFF8DA /* Frameworks */,
				6413F47F24F2726F00EFF8DA /* Resources */,
				03DB2EEF7B7E56E22485E43C /* [CP] Embed Pods Frameworks */,
			);
			buildRules = (
			);
			dependencies = (
			);
			name = WoogieTalk;
			productName = WoogieTalk;
			productReference = 6413F48124F2726F00EFF8DA /* WoogieTalk.app */;
			productType = "com.apple.product-type.application";
		};
/* End PBXNativeTarget section */

/* Begin PBXProject section */
		6413F47924F2726F00EFF8DA /* Project object */ = {
			isa = PBXProject;
			attributes = {
				LastSwiftUpdateCheck = 1140;
				LastUpgradeCheck = 1140;
				ORGANIZATIONNAME = woogie;
				TargetAttributes = {
					6413F48024F2726F00EFF8DA = {
						CreatedOnToolsVersion = 11.4.1;
					};
				};
			};
			buildConfigurationList = 6413F47C24F2726F00EFF8DA /* Build configuration list for PBXProject "WoogieTalk" */;
			compatibilityVersion = "Xcode 9.3";
			developmentRegion = en;
			hasScannedForEncodings = 0;
			knownRegions = (
				en,
				Base,
			);
			mainGroup = 6413F47824F2726F00EFF8DA;
			productRefGroup = 6413F48224F2726F00EFF8DA /* Products */;
			projectDirPath = "";
			projectRoot = "";
			targets = (
				6413F48024F2726F00EFF8DA /* WoogieTalk */,
			);
		};
/* End PBXProject section */

/* Begin PBXResourcesBuildPhase section */
		6413F47F24F2726F00EFF8DA /* Resources */ = {
			isa = PBXResourcesBuildPhase;
			buildActionMask = 2147483647;
			files = (
				6413F49124F2727200EFF8DA /* LaunchScreen.storyboard in Resources */,
				6413F49B24F27AA800EFF8DA /* RemoteConfigDefaults.plist in Resources */,
				6413F49D24F27D9D00EFF8DA /* GoogleService-Info.plist in Resources */,
				6413F48E24F2727200EFF8DA /* Assets.xcassets in Resources */,
				6413F48C24F2726F00EFF8DA /* Main.storyboard in Resources */,
			);
			runOnlyForDeploymentPostprocessing = 0;
		};
/* End PBXResourcesBuildPhase section */

/* Begin PBXShellScriptBuildPhase section */
		03DB2EEF7B7E56E22485E43C /* [CP] Embed Pods Frameworks */ = {
			isa = PBXShellScriptBuildPhase;
			buildActionMask = 2147483647;
			files = (
			);
			inputFileListPaths = (
				"${PODS_ROOT}/Target Support Files/Pods-WoogieTalk/Pods-WoogieTalk-frameworks-${CONFIGURATION}-input-files.xcfilelist",
			);
			name = "[CP] Embed Pods Frameworks";
			outputFileListPaths = (
				"${PODS_ROOT}/Target Support Files/Pods-WoogieTalk/Pods-WoogieTalk-frameworks-${CONFIGURATION}-output-files.xcfilelist",
			);
			runOnlyForDeploymentPostprocessing = 0;
			shellPath = /bin/sh;
			shellScript = "\"${PODS_ROOT}/Target Support Files/Pods-WoogieTalk/Pods-WoogieTalk-frameworks.sh\"\n";
			showEnvVarsInLog = 0;
		};
		532C9B40FD5835731247E5B6 /* [CP] Check Pods Manifest.lock */ = {
			isa = PBXShellScriptBuildPhase;
			buildActionMask = 2147483647;
			files = (
			);
			inputFileListPaths = (
			);
			inputPaths = (
				"${PODS_PODFILE_DIR_PATH}/Podfile.lock",
				"${PODS_ROOT}/Manifest.lock",
			);
			name = "[CP] Check Pods Manifest.lock";
			outputFileListPaths = (
			);
			outputPaths = (
				"$(DERIVED_FILE_DIR)/Pods-WoogieTalk-checkManifestLockResult.txt",
			);
			runOnlyForDeploymentPostprocessing = 0;
			shellPath = /bin/sh;
			shellScript = "diff \"${PODS_PODFILE_DIR_PATH}/Podfile.lock\" \"${PODS_ROOT}/Manifest.lock\" > /dev/null\nif [ $? != 0 ] ; then\n    # print error to STDERR\n    echo \"error: The sandbox is not in sync with the Podfile.lock. Run 'pod install' or update your CocoaPods installation.\" >&2\n    exit 1\nfi\n# This output is used by Xcode 'outputs' to avoid re-running this script phase.\necho \"SUCCESS\" > \"${SCRIPT_OUTPUT_FILE_0}\"\n";
			showEnvVarsInLog = 0;
		};
/* End PBXShellScriptBuildPhase section */

/* Begin PBXSourcesBuildPhase section */
		6413F47D24F2726F00EFF8DA /* Sources */ = {
			isa = PBXSourcesBuildPhase;
			buildActionMask = 2147483647;
			files = (
				64E32A6224F28EB600E3BEA9 /* LoginViewController.swift in Sources */,
				6475D54824F3E31300DC1C65 /* UserModel.swift in Sources */,
				6413F48924F2726F00EFF8DA /* ViewController.swift in Sources */,
				6413F48524F2726F00EFF8DA /* AppDelegate.swift in Sources */,
				6413F48724F2726F00EFF8DA /* SceneDelegate.swift in Sources */,
				64E32A6624F38EE700E3BEA9 /* SignUpViewController.swift in Sources */,
				6475D54624F3E2F600DC1C65 /* PeopleViewController.swift in Sources */,
			);
			runOnlyForDeploymentPostprocessing = 0;
		};
/* End PBXSourcesBuildPhase section */

/* Begin PBXVariantGroup section */
		6413F48A24F2726F00EFF8DA /* Main.storyboard */ = {
			isa = PBXVariantGroup;
			children = (
				6413F48B24F2726F00EFF8DA /* Base */,
			);
			name = Main.storyboard;
			sourceTree = "<group>";
		};
		6413F48F24F2727200EFF8DA /* LaunchScreen.storyboard */ = {
			isa = PBXVariantGroup;
			children = (
				6413F49024F2727200EFF8DA /* Base */,
			);
			name = LaunchScreen.storyboard;
			sourceTree = "<group>";
		};
/* End PBXVariantGroup section */

/* Begin XCBuildConfiguration section */
		6413F49324F2727200EFF8DA /* Debug */ = {
			isa = XCBuildConfiguration;
			buildSettings = {
				ALWAYS_SEARCH_USER_PATHS = NO;
				CLANG_ANALYZER_NONNULL = YES;
				CLANG_ANALYZER_NUMBER_OBJECT_CONVERSION = YES_AGGRESSIVE;
				CLANG_CXX_LANGUAGE_STANDARD = "gnu++14";
				CLANG_CXX_LIBRARY = "libc++";
				CLANG_ENABLE_MODULES = YES;
				CLANG_ENABLE_OBJC_ARC = YES;
				CLANG_ENABLE_OBJC_WEAK = YES;
				CLANG_WARN_BLOCK_CAPTURE_AUTORELEASING = YES;
				CLANG_WARN_BOOL_CONVERSION = YES;
				CLANG_WARN_COMMA = YES;
				CLANG_WARN_CONSTANT_CONVERSION = YES;
				CLANG_WARN_DEPRECATED_OBJC_IMPLEMENTATIONS = YES;
				CLANG_WARN_DIRECT_OBJC_ISA_USAGE = YES_ERROR;
				CLANG_WARN_DOCUMENTATION_COMMENTS = YES;
				CLANG_WARN_EMPTY_BODY = YES;
				CLANG_WARN_ENUM_CONVERSION = YES;
				CLANG_WARN_INFINITE_RECURSION = YES;
				CLANG_WARN_INT_CONVERSION = YES;
				CLANG_WARN_NON_LITERAL_NULL_CONVERSION = YES;
				CLANG_WARN_OBJC_IMPLICIT_RETAIN_SELF = YES;
				CLANG_WARN_OBJC_LITERAL_CONVERSION = YES;
				CLANG_WARN_OBJC_ROOT_CLASS = YES_ERROR;
				CLANG_WARN_RANGE_LOOP_ANALYSIS = YES;
				CLANG_WARN_STRICT_PROTOTYPES = YES;
				CLANG_WARN_SUSPICIOUS_MOVE = YES;
				CLANG_WARN_UNGUARDED_AVAILABILITY = YES_AGGRESSIVE;
				CLANG_WARN_UNREACHABLE_CODE = YES;
				CLANG_WARN__DUPLICATE_METHOD_MATCH = YES;
				COPY_PHASE_STRIP = NO;
				DEBUG_INFORMATION_FORMAT = dwarf;
				ENABLE_STRICT_OBJC_MSGSEND = YES;
				ENABLE_TESTABILITY = YES;
				GCC_C_LANGUAGE_STANDARD = gnu11;
				GCC_DYNAMIC_NO_PIC = NO;
				GCC_NO_COMMON_BLOCKS = YES;
				GCC_OPTIMIZATION_LEVEL = 0;
				GCC_PREPROCESSOR_DEFINITIONS = (
					"DEBUG=1",
					"$(inherited)",
				);
				GCC_WARN_64_TO_32_BIT_CONVERSION = YES;
				GCC_WARN_ABOUT_RETURN_TYPE = YES_ERROR;
				GCC_WARN_UNDECLARED_SELECTOR = YES;
				GCC_WARN_UNINITIALIZED_AUTOS = YES_AGGRESSIVE;
				GCC_WARN_UNUSED_FUNCTION = YES;
				GCC_WARN_UNUSED_VARIABLE = YES;
				IPHONEOS_DEPLOYMENT_TARGET = 13.4;
				MTL_ENABLE_DEBUG_INFO = INCLUDE_SOURCE;
				MTL_FAST_MATH = YES;
				ONLY_ACTIVE_ARCH = YES;
				SDKROOT = iphoneos;
				SWIFT_ACTIVE_COMPILATION_CONDITIONS = DEBUG;
				SWIFT_OPTIMIZATION_LEVEL = "-Onone";
			};
			name = Debug;
		};
		6413F49424F2727200EFF8DA /* Release */ = {
			isa = XCBuildConfiguration;
			buildSettings = {
				ALWAYS_SEARCH_USER_PATHS = NO;
				CLANG_ANALYZER_NONNULL = YES;
				CLANG_ANALYZER_NUMBER_OBJECT_CONVERSION = YES_AGGRESSIVE;
				CLANG_CXX_LANGUAGE_STANDARD = "gnu++14";
				CLANG_CXX_LIBRARY = "libc++";
				CLANG_ENABLE_MODULES = YES;
				CLANG_ENABLE_OBJC_ARC = YES;
				CLANG_ENABLE_OBJC_WEAK = YES;
				CLANG_WARN_BLOCK_CAPTURE_AUTORELEASING = YES;
				CLANG_WARN_BOOL_CONVERSION = YES;
				CLANG_WARN_COMMA = YES;
				CLANG_WARN_CONSTANT_CONVERSION = YES;
				CLANG_WARN_DEPRECATED_OBJC_IMPLEMENTATIONS = YES;
				CLANG_WARN_DIRECT_OBJC_ISA_USAGE = YES_ERROR;
				CLANG_WARN_DOCUMENTATION_COMMENTS = YES;
				CLANG_WARN_EMPTY_BODY = YES;
				CLANG_WARN_ENUM_CONVERSION = YES;
				CLANG_WARN_INFINITE_RECURSION = YES;
				CLANG_WARN_INT_CONVERSION = YES;
				CLANG_WARN_NON_LITERAL_NULL_CONVERSION = YES;
				CLANG_WARN_OBJC_IMPLICIT_RETAIN_SELF = YES;
				CLANG_WARN_OBJC_LITERAL_CONVERSION = YES;
				CLANG_WARN_OBJC_ROOT_CLASS = YES_ERROR;
				CLANG_WARN_RANGE_LOOP_ANALYSIS = YES;
				CLANG_WARN_STRICT_PROTOTYPES = YES;
				CLANG_WARN_SUSPICIOUS_MOVE = YES;
				CLANG_WARN_UNGUARDED_AVAILABILITY = YES_AGGRESSIVE;
				CLANG_WARN_UNREACHABLE_CODE = YES;
				CLANG_WARN__DUPLICATE_METHOD_MATCH = YES;
				COPY_PHASE_STRIP = NO;
				DEBUG_INFORMATION_FORMAT = "dwarf-with-dsym";
				ENABLE_NS_ASSERTIONS = NO;
				ENABLE_STRICT_OBJC_MSGSEND = YES;
				GCC_C_LANGUAGE_STANDARD = gnu11;
				GCC_NO_COMMON_BLOCKS = YES;
				GCC_WARN_64_TO_32_BIT_CONVERSION = YES;
				GCC_WARN_ABOUT_RETURN_TYPE = YES_ERROR;
				GCC_WARN_UNDECLARED_SELECTOR = YES;
				GCC_WARN_UNINITIALIZED_AUTOS = YES_AGGRESSIVE;
				GCC_WARN_UNUSED_FUNCTION = YES;
				GCC_WARN_UNUSED_VARIABLE = YES;
				IPHONEOS_DEPLOYMENT_TARGET = 13.4;
				MTL_ENABLE_DEBUG_INFO = NO;
				MTL_FAST_MATH = YES;
				SDKROOT = iphoneos;
				SWIFT_COMPILATION_MODE = wholemodule;
				SWIFT_OPTIMIZATION_LEVEL = "-O";
				VALIDATE_PRODUCT = YES;
			};
			name = Release;
		};
		6413F49624F2727200EFF8DA /* Debug */ = {
			isa = XCBuildConfiguration;
			baseConfigurationReference = FBE722AF96D8986FEDFD67BA /* Pods-WoogieTalk.debug.xcconfig */;
			buildSettings = {
				ASSETCATALOG_COMPILER_APPICON_NAME = AppIcon;
				CODE_SIGN_STYLE = Automatic;
				DEVELOPMENT_TEAM = PX37AVLC5L;
				INFOPLIST_FILE = WoogieTalk/Info.plist;
				LD_RUNPATH_SEARCH_PATHS = (
					"$(inherited)",
					"@executable_path/Frameworks",
				);
				PRODUCT_BUNDLE_IDENTIFIER = com.woogie.WoogieTalk;
				PRODUCT_NAME = "$(TARGET_NAME)";
				SWIFT_VERSION = 5.0;
				TARGETED_DEVICE_FAMILY = "1,2";
			};
			name = Debug;
		};
		6413F49724F2727200EFF8DA /* Release */ = {
			isa = XCBuildConfiguration;
			baseConfigurationReference = 8B1A08AC2FA07379F1743D8C /* Pods-WoogieTalk.release.xcconfig */;
			buildSettings = {
				ASSETCATALOG_COMPILER_APPICON_NAME = AppIcon;
				CODE_SIGN_STYLE = Automatic;
				DEVELOPMENT_TEAM = PX37AVLC5L;
				INFOPLIST_FILE = WoogieTalk/Info.plist;
				LD_RUNPATH_SEARCH_PATHS = (
					"$(inherited)",
					"@executable_path/Frameworks",
				);
				PRODUCT_BUNDLE_IDENTIFIER = com.woogie.WoogieTalk;
				PRODUCT_NAME = "$(TARGET_NAME)";
				SWIFT_VERSION = 5.0;
				TARGETED_DEVICE_FAMILY = "1,2";
			};
			name = Release;
		};
/* End XCBuildConfiguration section */

/* Begin XCConfigurationList section */
		6413F47C24F2726F00EFF8DA /* Build configuration list for PBXProject "WoogieTalk" */ = {
			isa = XCConfigurationList;
			buildConfigurations = (
				6413F49324F2727200EFF8DA /* Debug */,
				6413F49424F2727200EFF8DA /* Release */,
			);
			defaultConfigurationIsVisible = 0;
			defaultConfigurationName = Release;
		};
		6413F49524F2727200EFF8DA /* Build configuration list for PBXNativeTarget "WoogieTalk" */ = {
			isa = XCConfigurationList;
			buildConfigurations = (
				6413F49624F2727200EFF8DA /* Debug */,
				6413F49724F2727200EFF8DA /* Release */,
			);
			defaultConfigurationIsVisible = 0;
			defaultConfigurationName = Release;
		};
/* End XCConfigurationList section */
	};
	rootObject = 6413F47924F2726F00EFF8DA /* Project object */;
}
